
Microsoft Visual Studio Solution File, Format Version 12.00
Project("{FAE04EC0-301F-11D3-BF4B-00C04F79EFBC}") = "Dentist-service", "Dentist-service\Dentist-service.csproj", "{8C6D82CE-ADDB-462D-8704-88DB780A991C}"
EndProject
Project("{FAE04EC0-301F-11D3-BF4B-00C04F79EFBC}") = "Dentist-service.Tests", "Dentist-service.Tests\Dentist-service.Tests.csproj", "{D798AAAC-D595-45CD-92A2-095FD070269E}"
EndProject
Global
	GlobalSection(SolutionConfigurationPlatforms) = preSolution
		Debug|Any CPU = Debug|Any CPU
		Debug|x64 = Debug|x64
		Debug|x86 = Debug|x86
		Release|Any CPU = Release|Any CPU
		Release|x64 = Release|x64
		Release|x86 = Release|x86
	EndGlobalSection
	GlobalSection(ProjectConfigurationPlatforms) = postSolution
		{8C6D82CE-ADDB-462D-8704-88DB780A991C}.Debug|Any CPU.ActiveCfg = Debug|Any CPU
		{8C6D82CE-ADDB-462D-8704-88DB780A991C}.Debug|Any CPU.Build.0 = Debug|Any CPU
		{8C6D82CE-ADDB-462D-8704-88DB780A991C}.Debug|x64.ActiveCfg = Debug|Any CPU
		{8C6D82CE-ADDB-462D-8704-88DB780A991C}.Debug|x64.Build.0 = Debug|Any CPU
		{8C6D82CE-ADDB-462D-8704-88DB780A991C}.Debug|x86.ActiveCfg = Debug|Any CPU
		{8C6D82CE-ADDB-462D-8704-88DB780A991C}.Debug|x86.Build.0 = Debug|Any CPU
		{8C6D82CE-ADDB-462D-8704-88DB780A991C}.Release|Any CPU.ActiveCfg = Release|Any CPU
		{8C6D82CE-ADDB-462D-8704-88DB780A991C}.Release|Any CPU.Build.0 = Release|Any CPU
		{8C6D82CE-ADDB-462D-8704-88DB780A991C}.Release|x64.ActiveCfg = Release|Any CPU
		{8C6D82CE-ADDB-462D-8704-88DB780A991C}.Release|x64.Build.0 = Release|Any CPU
		{8C6D82CE-ADDB-462D-8704-88DB780A991C}.Release|x86.ActiveCfg = Release|Any CPU
		{8C6D82CE-ADDB-462D-8704-88DB780A991C}.Release|x86.Build.0 = Release|Any CPU
		{D798AAAC-D595-45CD-92A2-095FD070269E}.Debug|Any CPU.ActiveCfg = Debug|Any CPU
		{D798AAAC-D595-45CD-92A2-095FD070269E}.Debug|Any CPU.Build.0 = Debug|Any CPU
		{D798AAAC-D595-45CD-92A2-095FD070269E}.Debug|x64.ActiveCfg = Debug|Any CPU
		{D798AAAC-D595-45CD-92A2-095FD070269E}.Debug|x64.Build.0 = Debug|Any CPU
		{D798AAAC-D595-45CD-92A2-095FD070269E}.Debug|x86.ActiveCfg = Debug|Any CPU
		{D798AAAC-D595-45CD-92A2-095FD070269E}.Debug|x86.Build.0 = Debug|Any CPU
		{D798AAAC-D595-45CD-92A2-095FD070269E}.Release|Any CPU.ActiveCfg = Release|Any CPU
		{D798AAAC-D595-45CD-92A2-095FD070269E}.Release|Any CPU.Build.0 = Release|Any CPU
		{D798AAAC-D595-45CD-92A2-095FD070269E}.Release|x64.ActiveCfg = Release|Any CPU
		{D798AAAC-D595-45CD-92A2-095FD070269E}.Release|x64.Build.0 = Release|Any CPU
		{D798AAAC-D595-45CD-92A2-095FD070269E}.Release|x86.ActiveCfg = Release|Any CPU
		{D798AAAC-D595-45CD-92A2-095FD070269E}.Release|x86.Build.0 = Release|Any CPU
	EndGlobalSection
	GlobalSection(SolutionProperties) = preSolution
		HideSolutionNode = FALSE
	EndGlobalSection
EndGlobal
